
Microsoft Visual Studio Solution File, Format Version 12.00
# Visual Studio Version 17
VisualStudioVersion = 17.5.33502.453
MinimumVisualStudioVersion = 10.0.40219.1
Project("{FAE04EC0-301F-11D3-BF4B-00C04F79EFBC}") = "LocadoraClassic.View", "LocadoraClassic.View\LocadoraClassic.View.csproj", "{14849BFE-C4AA-43F8-B2A9-131D216B67B8}"
EndProject
Global
	GlobalSection(SolutionConfigurationPlatforms) = preSolution
		Debug|Any CPU = Debug|Any CPU
		Release|Any CPU = Release|Any CPU
	EndGlobalSection
	GlobalSection(ProjectConfigurationPlatforms) = postSolution
		{14849BFE-C4AA-43F8-B2A9-131D216B67B8}.Debug|Any CPU.ActiveCfg = Debug|Any CPU
		{14849BFE-C4AA-43F8-B2A9-131D216B67B8}.Debug|Any CPU.Build.0 = Debug|Any CPU
		{14849BFE-C4AA-43F8-B2A9-131D216B67B8}.Release|Any CPU.ActiveCfg = Release|Any CPU
		{14849BFE-C4AA-43F8-B2A9-131D216B67B8}.Release|Any CPU.Build.0 = Release|Any CPU
	EndGlobalSection
	GlobalSection(SolutionProperties) = preSolution
		HideSolutionNode = FALSE
	EndGlobalSection
	GlobalSection(ExtensibilityGlobals) = postSolution
		SolutionGuid = {B4D2D4C3-4444-4232-A1CB-CE52714AE194}
	EndGlobalSection
EndGlobal
