
Microsoft Visual Studio Solution File, Format Version 12.00
# Visual Studio Version 17
VisualStudioVersion = 17.5.33502.453
MinimumVisualStudioVersion = 10.0.40219.1
Project("{FAE04EC0-301F-11D3-BF4B-00C04F79EFBC}") = "EscolaDotNet.CompetenciaUm", "EscolaDotNet.CompetenciaUm\EscolaDotNet.CompetenciaUm.csproj", "{97F453B2-F4A8-4E3F-81F5-68D3BDA1E8AB}"
EndProject
Global
	GlobalSection(SolutionConfigurationPlatforms) = preSolution
		Debug|Any CPU = Debug|Any CPU
		Release|Any CPU = Release|Any CPU
	EndGlobalSection
	GlobalSection(ProjectConfigurationPlatforms) = postSolution
		{97F453B2-F4A8-4E3F-81F5-68D3BDA1E8AB}.Debug|Any CPU.ActiveCfg = Debug|Any CPU
		{97F453B2-F4A8-4E3F-81F5-68D3BDA1E8AB}.Debug|Any CPU.Build.0 = Debug|Any CPU
		{97F453B2-F4A8-4E3F-81F5-68D3BDA1E8AB}.Release|Any CPU.ActiveCfg = Release|Any CPU
		{97F453B2-F4A8-4E3F-81F5-68D3BDA1E8AB}.Release|Any CPU.Build.0 = Release|Any CPU
	EndGlobalSection
	GlobalSection(SolutionProperties) = preSolution
		HideSolutionNode = FALSE
	EndGlobalSection
	GlobalSection(ExtensibilityGlobals) = postSolution
		SolutionGuid = {01422255-CEA9-4983-A154-CCE9D347125C}
	EndGlobalSection
EndGlobal
